
Microsoft Visual Studio Solution File, Format Version 12.00
# Visual Studio Version 17
VisualStudioVersion = 17.0.31903.59
MinimumVisualStudioVersion = 10.0.40219.1
Project("{2150E333-8FDC-42A3-9474-1A3956D46DE8}") = "src", "src", "{A1B2C3D4-E5F6-7890-ABCD-EF1234567890}"
EndProject
Project("{2150E333-8FDC-42A3-9474-1A3956D46DE8}") = "Host", "Host", "{B1C2D3E4-F5A6-7890-BCDE-F12345678901}"
EndProject
Project("{2150E333-8FDC-42A3-9474-1A3956D46DE8}") = "Shared", "Shared", "{C1D2E3F4-A5B6-7890-CDEF-123456789012}"
EndProject
Project("{2150E333-8FDC-42A3-9474-1A3956D46DE8}") = "BuildingBlocks", "BuildingBlocks", "{D1E2F3A4-B5C6-7890-DEF1-234567890123}"
EndProject
Project("{2150E333-8FDC-42A3-9474-1A3956D46DE8}") = "Contracts", "Contracts", "{E1F2A3B4-C5D6-7890-EF12-345678901234}"
EndProject
Project("{FAE04EC0-301F-11D3-BF4B-00C04F79EFBC}") = "Patsanstha.Api", "src\Host\Patsanstha.Api\Patsanstha.Api.csproj", "{F1A2B3C4-D5E6-7890-F123-456789012345}"
EndProject
Project("{FAE04EC0-301F-11D3-BF4B-00C04F79EFBC}") = "Patsanstha.Gateway", "src\Host\Patsanstha.Gateway\Patsanstha.Gateway.csproj", "{01234567-89AB-CDEF-0123-456789ABCDEF}"
EndProject
Project("{FAE04EC0-301F-11D3-BF4B-00C04F79EFBC}") = "Patsanstha.BuildingBlocks.Domain", "src\Shared\BuildingBlocks\Patsanstha.BuildingBlocks.Domain\Patsanstha.BuildingBlocks.Domain.csproj", "{11111111-1111-1111-1111-111111111111}"
EndProject
Project("{FAE04EC0-301F-11D3-BF4B-00C04F79EFBC}") = "Patsanstha.BuildingBlocks.Application", "src\Shared\BuildingBlocks\Patsanstha.BuildingBlocks.Application\Patsanstha.BuildingBlocks.Application.csproj", "{22222222-2222-2222-2222-222222222222}"
EndProject
Project("{FAE04EC0-301F-11D3-BF4B-00C04F79EFBC}") = "Patsanstha.BuildingBlocks.Infrastructure", "src\Shared\BuildingBlocks\Patsanstha.BuildingBlocks.Infrastructure\Patsanstha.BuildingBlocks.Infrastructure.csproj", "{33333333-3333-3333-3333-333333333333}"
EndProject
Project("{FAE04EC0-301F-11D3-BF4B-00C04F79EFBC}") = "Patsanstha.BuildingBlocks.Tests", "src\Shared\BuildingBlocks\Patsanstha.BuildingBlocks.Tests\Patsanstha.BuildingBlocks.Tests.csproj", "{44444444-4444-4444-4444-444444444444}"
EndProject
Project("{2150E333-8FDC-42A3-9474-1A3956D46DE8}") = "Modules", "Modules", "{M0DULES00-0000-0000-0000-000000000001}"
EndProject
Project("{2150E333-8FDC-42A3-9474-1A3956D46DE8}") = "Identity", "Identity", "{M0DULES01-0000-0000-0000-000000000001}"
EndProject
Project("{FAE04EC0-301F-11D3-BF4B-00C04F79EFBC}") = "Identity.Domain", "src\Modules\Identity\Identity.Domain\Identity.Domain.csproj", "{66666666-6666-6666-6666-666666666661}"
EndProject
Project("{FAE04EC0-301F-11D3-BF4B-00C04F79EFBC}") = "Identity.Application", "src\Modules\Identity\Identity.Application\Identity.Application.csproj", "{66666666-6666-6666-6666-666666666662}"
EndProject
Project("{FAE04EC0-301F-11D3-BF4B-00C04F79EFBC}") = "Identity.Infrastructure", "src\Modules\Identity\Identity.Infrastructure\Identity.Infrastructure.csproj", "{66666666-6666-6666-6666-666666666663}"
EndProject
Project("{FAE04EC0-301F-11D3-BF4B-00C04F79EFBC}") = "Identity.Api", "src\Modules\Identity\Identity.Api\Identity.Api.csproj", "{66666666-6666-6666-6666-666666666664}"
EndProject
Project("{FAE04EC0-301F-11D3-BF4B-00C04F79EFBC}") = "Identity.Tests", "src\Modules\Identity\Identity.Tests\Identity.Tests.csproj", "{66666666-6666-6666-6666-666666666665}"
EndProject
Project("{FAE04EC0-301F-11D3-BF4B-00C04F79EFBC}") = "Patsanstha.Contracts", "src\Shared\Contracts\Patsanstha.Contracts\Patsanstha.Contracts.csproj", "{55555555-5555-5555-5555-555555555555}"
EndProject
Project("{2150E333-8FDC-42A3-9474-1A3956D46DE8}") = "Members", "Members", "{M0DULES02-0000-0000-0000-000000000001}"
EndProject
Project("{FAE04EC0-301F-11D3-BF4B-00C04F79EFBC}") = "Members.Domain", "src\Modules\Members\Members.Domain\Members.Domain.csproj", "{77777777-7777-7777-7777-777777777771}"
EndProject
Project("{FAE04EC0-301F-11D3-BF4B-00C04F79EFBC}") = "Members.Application", "src\Modules\Members\Members.Application\Members.Application.csproj", "{77777777-7777-7777-7777-777777777772}"
EndProject
Project("{FAE04EC0-301F-11D3-BF4B-00C04F79EFBC}") = "Members.Infrastructure", "src\Modules\Members\Members.Infrastructure\Members.Infrastructure.csproj", "{77777777-7777-7777-7777-777777777773}"
EndProject
Project("{FAE04EC0-301F-11D3-BF4B-00C04F79EFBC}") = "Members.Api", "src\Modules\Members\Members.Api\Members.Api.csproj", "{77777777-7777-7777-7777-777777777774}"
EndProject
Project("{FAE04EC0-301F-11D3-BF4B-00C04F79EFBC}") = "Members.Tests", "src\Modules\Members\Members.Tests\Members.Tests.csproj", "{77777777-7777-7777-7777-777777777775}"
EndProject
Project("{2150E333-8FDC-42A3-9474-1A3956D46DE8}") = "Deposits", "Deposits", "{M0DULES03-0000-0000-0000-000000000001}"
EndProject
Project("{FAE04EC0-301F-11D3-BF4B-00C04F79EFBC}") = "Deposits.Domain", "src\Modules\Deposits\Deposits.Domain\Deposits.Domain.csproj", "{88888888-8888-8888-8888-888888888881}"
EndProject
Project("{FAE04EC0-301F-11D3-BF4B-00C04F79EFBC}") = "Deposits.Application", "src\Modules\Deposits\Deposits.Application\Deposits.Application.csproj", "{88888888-8888-8888-8888-888888888882}"
EndProject
Project("{FAE04EC0-301F-11D3-BF4B-00C04F79EFBC}") = "Deposits.Infrastructure", "src\Modules\Deposits\Deposits.Infrastructure\Deposits.Infrastructure.csproj", "{88888888-8888-8888-8888-888888888883}"
EndProject
Project("{FAE04EC0-301F-11D3-BF4B-00C04F79EFBC}") = "Deposits.Api", "src\Modules\Deposits\Deposits.Api\Deposits.Api.csproj", "{88888888-8888-8888-8888-888888888884}"
EndProject
Project("{FAE04EC0-301F-11D3-BF4B-00C04F79EFBC}") = "Deposits.Tests", "src\Modules\Deposits\Deposits.Tests\Deposits.Tests.csproj", "{88888888-8888-8888-8888-888888888885}"
EndProject
Project("{2150E333-8FDC-42A3-9474-1A3956D46DE8}") = "Loans", "Loans", "{M0DULES04-0000-0000-0000-000000000001}"
EndProject
Project("{FAE04EC0-301F-11D3-BF4B-00C04F79EFBC}") = "Loans.Domain", "src\Modules\Loans\Loans.Domain\Loans.Domain.csproj", "{99999999-9999-9999-9999-999999999991}"
EndProject
Project("{FAE04EC0-301F-11D3-BF4B-00C04F79EFBC}") = "Loans.Application", "src\Modules\Loans\Loans.Application\Loans.Application.csproj", "{99999999-9999-9999-9999-999999999992}"
EndProject
Project("{FAE04EC0-301F-11D3-BF4B-00C04F79EFBC}") = "Loans.Infrastructure", "src\Modules\Loans\Loans.Infrastructure\Loans.Infrastructure.csproj", "{99999999-9999-9999-9999-999999999993}"
EndProject
Project("{FAE04EC0-301F-11D3-BF4B-00C04F79EFBC}") = "Loans.Api", "src\Modules\Loans\Loans.Api\Loans.Api.csproj", "{99999999-9999-9999-9999-999999999994}"
EndProject
Project("{FAE04EC0-301F-11D3-BF4B-00C04F79EFBC}") = "Loans.Tests", "src\Modules\Loans\Loans.Tests\Loans.Tests.csproj", "{99999999-9999-9999-9999-999999999995}"
EndProject
Project("{2150E333-8FDC-42A3-9474-1A3956D46DE8}") = "Recovery", "Recovery", "{M0DULES08-0000-0000-0000-000000000001}"
EndProject
Project("{FAE04EC0-301F-11D3-BF4B-00C04F79EFBC}") = "Recovery.Domain", "src\Modules\Recovery\Recovery.Domain\Recovery.Domain.csproj", "{BBBBBBBB-BBBB-BBBB-BBBB-BBBBBBBBBBB1}"
EndProject
Project("{FAE04EC0-301F-11D3-BF4B-00C04F79EFBC}") = "Recovery.Application", "src\Modules\Recovery\Recovery.Application\Recovery.Application.csproj", "{BBBBBBBB-BBBB-BBBB-BBBB-BBBBBBBBBBB2}"
EndProject
Project("{FAE04EC0-301F-11D3-BF4B-00C04F79EFBC}") = "Recovery.Infrastructure", "src\Modules\Recovery\Recovery.Infrastructure\Recovery.Infrastructure.csproj", "{BBBBBBBB-BBBB-BBBB-BBBB-BBBBBBBBBBB3}"
EndProject
Project("{FAE04EC0-301F-11D3-BF4B-00C04F79EFBC}") = "Recovery.Api", "src\Modules\Recovery\Recovery.Api\Recovery.Api.csproj", "{BBBBBBBB-BBBB-BBBB-BBBB-BBBBBBBBBBB4}"
EndProject
Project("{FAE04EC0-301F-11D3-BF4B-00C04F79EFBC}") = "Recovery.Tests", "src\Modules\Recovery\Recovery.Tests\Recovery.Tests.csproj", "{BBBBBBBB-BBBB-BBBB-BBBB-BBBBBBBBBBB5}"
EndProject
Project("{2150E333-8FDC-42A3-9474-1A3956D46DE8}") = "Collections", "Collections", "{M0DULES07-0000-0000-0000-000000000001}"
EndProject
Project("{FAE04EC0-301F-11D3-BF4B-00C04F79EFBC}") = "Collections.Domain", "src\Modules\Collections\Collections.Domain\Collections.Domain.csproj", "{AAAAAAAA-AAAA-AAAA-AAAA-AAAAAAAAAAA1}"
EndProject
Project("{FAE04EC0-301F-11D3-BF4B-00C04F79EFBC}") = "Collections.Application", "src\Modules\Collections\Collections.Application\Collections.Application.csproj", "{AAAAAAAA-AAAA-AAAA-AAAA-AAAAAAAAAAA2}"
EndProject
Project("{FAE04EC0-301F-11D3-BF4B-00C04F79EFBC}") = "Collections.Infrastructure", "src\Modules\Collections\Collections.Infrastructure\Collections.Infrastructure.csproj", "{AAAAAAAA-AAAA-AAAA-AAAA-AAAAAAAAAAA3}"
EndProject
Project("{FAE04EC0-301F-11D3-BF4B-00C04F79EFBC}") = "Collections.Api", "src\Modules\Collections\Collections.Api\Collections.Api.csproj", "{AAAAAAAA-AAAA-AAAA-AAAA-AAAAAAAAAAA4}"
EndProject
Project("{FAE04EC0-301F-11D3-BF4B-00C04F79EFBC}") = "Collections.Tests", "src\Modules\Collections\Collections.Tests\Collections.Tests.csproj", "{AAAAAAAA-AAAA-AAAA-AAAA-AAAAAAAAAAA5}"
EndProject
Project("{2150E333-8FDC-42A3-9474-1A3956D46DE8}") = "Accounting", "Accounting", "{M0DULES05-0000-0000-0000-000000000001}"
EndProject
Project("{FAE04EC0-301F-11D3-BF4B-00C04F79EFBC}") = "Accounting.Domain", "src\Modules\Accounting\Accounting.Domain\Accounting.Domain.csproj", "{CCCCCCCC-CCCC-CCCC-CCCC-CCCCCCCCCCC1}"
EndProject
Project("{FAE04EC0-301F-11D3-BF4B-00C04F79EFBC}") = "Accounting.Application", "src\Modules\Accounting\Accounting.Application\Accounting.Application.csproj", "{CCCCCCCC-CCCC-CCCC-CCCC-CCCCCCCCCCC2}"
EndProject
Project("{FAE04EC0-301F-11D3-BF4B-00C04F79EFBC}") = "Accounting.Infrastructure", "src\Modules\Accounting\Accounting.Infrastructure\Accounting.Infrastructure.csproj", "{CCCCCCCC-CCCC-CCCC-CCCC-CCCCCCCCCCC3}"
EndProject
Project("{FAE04EC0-301F-11D3-BF4B-00C04F79EFBC}") = "Accounting.Api", "src\Modules\Accounting\Accounting.Api\Accounting.Api.csproj", "{CCCCCCCC-CCCC-CCCC-CCCC-CCCCCCCCCCC4}"
EndProject
Project("{FAE04EC0-301F-11D3-BF4B-00C04F79EFBC}") = "Accounting.Tests", "src\Modules\Accounting\Accounting.Tests\Accounting.Tests.csproj", "{CCCCCCCC-CCCC-CCCC-CCCC-CCCCCCCCCCC5}"
EndProject
Project("{2150E333-8FDC-42A3-9474-1A3956D46DE8}") = "Reporting", "Reporting", "{M0DULES06-0000-0000-0000-000000000001}"
EndProject
Project("{FAE04EC0-301F-11D3-BF4B-00C04F79EFBC}") = "Reporting.Domain", "src\Modules\Reporting\Reporting.Domain\Reporting.Domain.csproj", "{DDDDDDDD-DDDD-DDDD-DDDD-DDDDDDDDDDD1}"
EndProject
Project("{FAE04EC0-301F-11D3-BF4B-00C04F79EFBC}") = "Reporting.Application", "src\Modules\Reporting\Reporting.Application\Reporting.Application.csproj", "{DDDDDDDD-DDDD-DDDD-DDDD-DDDDDDDDDDD2}"
EndProject
Project("{FAE04EC0-301F-11D3-BF4B-00C04F79EFBC}") = "Reporting.Infrastructure", "src\Modules\Reporting\Reporting.Infrastructure\Reporting.Infrastructure.csproj", "{DDDDDDDD-DDDD-DDDD-DDDD-DDDDDDDDDDD3}"
EndProject
Project("{FAE04EC0-301F-11D3-BF4B-00C04F79EFBC}") = "Reporting.Api", "src\Modules\Reporting\Reporting.Api\Reporting.Api.csproj", "{DDDDDDDD-DDDD-DDDD-DDDD-DDDDDDDDDDD4}"
EndProject
Project("{FAE04EC0-301F-11D3-BF4B-00C04F79EFBC}") = "Reporting.Tests", "src\Modules\Reporting\Reporting.Tests\Reporting.Tests.csproj", "{DDDDDDDD-DDDD-DDDD-DDDD-DDDDDDDDDDD5}"
EndProject
Global
	GlobalSection(SolutionConfigurationPlatforms) = preSolution
		Debug|Any CPU = Debug|Any CPU
		Release|Any CPU = Release|Any CPU
	EndGlobalSection
	GlobalSection(ProjectConfigurationPlatforms) = postSolution
		{F1A2B3C4-D5E6-7890-F123-456789012345}.Debug|Any CPU.ActiveCfg = Debug|Any CPU
		{F1A2B3C4-D5E6-7890-F123-456789012345}.Debug|Any CPU.Build.0 = Debug|Any CPU
		{F1A2B3C4-D5E6-7890-F123-456789012345}.Release|Any CPU.ActiveCfg = Release|Any CPU
		{F1A2B3C4-D5E6-7890-F123-456789012345}.Release|Any CPU.Build.0 = Release|Any CPU
		{01234567-89AB-CDEF-0123-456789ABCDEF}.Debug|Any CPU.ActiveCfg = Debug|Any CPU
		{01234567-89AB-CDEF-0123-456789ABCDEF}.Debug|Any CPU.Build.0 = Debug|Any CPU
		{01234567-89AB-CDEF-0123-456789ABCDEF}.Release|Any CPU.ActiveCfg = Release|Any CPU
		{01234567-89AB-CDEF-0123-456789ABCDEF}.Release|Any CPU.Build.0 = Release|Any CPU
		{11111111-1111-1111-1111-111111111111}.Debug|Any CPU.ActiveCfg = Debug|Any CPU
		{11111111-1111-1111-1111-111111111111}.Debug|Any CPU.Build.0 = Debug|Any CPU
		{11111111-1111-1111-1111-111111111111}.Release|Any CPU.ActiveCfg = Release|Any CPU
		{11111111-1111-1111-1111-111111111111}.Release|Any CPU.Build.0 = Release|Any CPU
		{22222222-2222-2222-2222-222222222222}.Debug|Any CPU.ActiveCfg = Debug|Any CPU
		{22222222-2222-2222-2222-222222222222}.Debug|Any CPU.Build.0 = Debug|Any CPU
		{22222222-2222-2222-2222-222222222222}.Release|Any CPU.ActiveCfg = Release|Any CPU
		{22222222-2222-2222-2222-222222222222}.Release|Any CPU.Build.0 = Release|Any CPU
		{33333333-3333-3333-3333-333333333333}.Debug|Any CPU.ActiveCfg = Debug|Any CPU
		{33333333-3333-3333-3333-333333333333}.Debug|Any CPU.Build.0 = Debug|Any CPU
		{33333333-3333-3333-3333-333333333333}.Release|Any CPU.ActiveCfg = Release|Any CPU
		{33333333-3333-3333-3333-333333333333}.Release|Any CPU.Build.0 = Release|Any CPU
		{44444444-4444-4444-4444-444444444444}.Debug|Any CPU.ActiveCfg = Debug|Any CPU
		{44444444-4444-4444-4444-444444444444}.Debug|Any CPU.Build.0 = Debug|Any CPU
		{44444444-4444-4444-4444-444444444444}.Release|Any CPU.ActiveCfg = Release|Any CPU
		{44444444-4444-4444-4444-444444444444}.Release|Any CPU.Build.0 = Release|Any CPU
		{55555555-5555-5555-5555-555555555555}.Debug|Any CPU.ActiveCfg = Debug|Any CPU
		{55555555-5555-5555-5555-555555555555}.Debug|Any CPU.Build.0 = Debug|Any CPU
		{55555555-5555-5555-5555-555555555555}.Release|Any CPU.ActiveCfg = Release|Any CPU
		{55555555-5555-5555-5555-555555555555}.Release|Any CPU.Build.0 = Release|Any CPU
		{66666666-6666-6666-6666-666666666661}.Debug|Any CPU.ActiveCfg = Debug|Any CPU
		{66666666-6666-6666-6666-666666666661}.Debug|Any CPU.Build.0 = Debug|Any CPU
		{66666666-6666-6666-6666-666666666661}.Release|Any CPU.ActiveCfg = Release|Any CPU
		{66666666-6666-6666-6666-666666666661}.Release|Any CPU.Build.0 = Release|Any CPU
		{66666666-6666-6666-6666-666666666662}.Debug|Any CPU.ActiveCfg = Debug|Any CPU
		{66666666-6666-6666-6666-666666666662}.Debug|Any CPU.Build.0 = Debug|Any CPU
		{66666666-6666-6666-6666-666666666662}.Release|Any CPU.ActiveCfg = Release|Any CPU
		{66666666-6666-6666-6666-666666666662}.Release|Any CPU.Build.0 = Release|Any CPU
		{66666666-6666-6666-6666-666666666663}.Debug|Any CPU.ActiveCfg = Debug|Any CPU
		{66666666-6666-6666-6666-666666666663}.Debug|Any CPU.Build.0 = Debug|Any CPU
		{66666666-6666-6666-6666-666666666663}.Release|Any CPU.ActiveCfg = Release|Any CPU
		{66666666-6666-6666-6666-666666666663}.Release|Any CPU.Build.0 = Release|Any CPU
		{66666666-6666-6666-6666-666666666664}.Debug|Any CPU.ActiveCfg = Debug|Any CPU
		{66666666-6666-6666-6666-666666666664}.Debug|Any CPU.Build.0 = Debug|Any CPU
		{66666666-6666-6666-6666-666666666664}.Release|Any CPU.ActiveCfg = Release|Any CPU
		{66666666-6666-6666-6666-666666666664}.Release|Any CPU.Build.0 = Release|Any CPU
		{66666666-6666-6666-6666-666666666665}.Debug|Any CPU.ActiveCfg = Debug|Any CPU
		{66666666-6666-6666-6666-666666666665}.Debug|Any CPU.Build.0 = Debug|Any CPU
		{66666666-6666-6666-6666-666666666665}.Release|Any CPU.ActiveCfg = Release|Any CPU
		{66666666-6666-6666-6666-666666666665}.Release|Any CPU.Build.0 = Release|Any CPU
		{77777777-7777-7777-7777-777777777771}.Debug|Any CPU.ActiveCfg = Debug|Any CPU
		{77777777-7777-7777-7777-777777777771}.Debug|Any CPU.Build.0 = Debug|Any CPU
		{77777777-7777-7777-7777-777777777771}.Release|Any CPU.ActiveCfg = Release|Any CPU
		{77777777-7777-7777-7777-777777777771}.Release|Any CPU.Build.0 = Release|Any CPU
		{77777777-7777-7777-7777-777777777772}.Debug|Any CPU.ActiveCfg = Debug|Any CPU
		{77777777-7777-7777-7777-777777777772}.Debug|Any CPU.Build.0 = Debug|Any CPU
		{77777777-7777-7777-7777-777777777772}.Release|Any CPU.ActiveCfg = Release|Any CPU
		{77777777-7777-7777-7777-777777777772}.Release|Any CPU.Build.0 = Release|Any CPU
		{77777777-7777-7777-7777-777777777773}.Debug|Any CPU.ActiveCfg = Debug|Any CPU
		{77777777-7777-7777-7777-777777777773}.Debug|Any CPU.Build.0 = Debug|Any CPU
		{77777777-7777-7777-7777-777777777773}.Release|Any CPU.ActiveCfg = Release|Any CPU
		{77777777-7777-7777-7777-777777777773}.Release|Any CPU.Build.0 = Release|Any CPU
		{77777777-7777-7777-7777-777777777774}.Debug|Any CPU.ActiveCfg = Debug|Any CPU
		{77777777-7777-7777-7777-777777777774}.Debug|Any CPU.Build.0 = Debug|Any CPU
		{77777777-7777-7777-7777-777777777774}.Release|Any CPU.ActiveCfg = Release|Any CPU
		{77777777-7777-7777-7777-777777777774}.Release|Any CPU.Build.0 = Release|Any CPU
		{77777777-7777-7777-7777-777777777775}.Debug|Any CPU.ActiveCfg = Debug|Any CPU
		{77777777-7777-7777-7777-777777777775}.Debug|Any CPU.Build.0 = Debug|Any CPU
		{77777777-7777-7777-7777-777777777775}.Release|Any CPU.ActiveCfg = Release|Any CPU
		{77777777-7777-7777-7777-777777777775}.Release|Any CPU.Build.0 = Release|Any CPU
		{88888888-8888-8888-8888-888888888881}.Debug|Any CPU.ActiveCfg = Debug|Any CPU
		{88888888-8888-8888-8888-888888888881}.Debug|Any CPU.Build.0 = Debug|Any CPU
		{88888888-8888-8888-8888-888888888881}.Release|Any CPU.ActiveCfg = Release|Any CPU
		{88888888-8888-8888-8888-888888888881}.Release|Any CPU.Build.0 = Release|Any CPU
		{88888888-8888-8888-8888-888888888882}.Debug|Any CPU.ActiveCfg = Debug|Any CPU
		{88888888-8888-8888-8888-888888888882}.Debug|Any CPU.Build.0 = Debug|Any CPU
		{88888888-8888-8888-8888-888888888882}.Release|Any CPU.ActiveCfg = Release|Any CPU
		{88888888-8888-8888-8888-888888888882}.Release|Any CPU.Build.0 = Release|Any CPU
		{88888888-8888-8888-8888-888888888883}.Debug|Any CPU.ActiveCfg = Debug|Any CPU
		{88888888-8888-8888-8888-888888888883}.Debug|Any CPU.Build.0 = Debug|Any CPU
		{88888888-8888-8888-8888-888888888883}.Release|Any CPU.ActiveCfg = Release|Any CPU
		{88888888-8888-8888-8888-888888888883}.Release|Any CPU.Build.0 = Release|Any CPU
		{88888888-8888-8888-8888-888888888884}.Debug|Any CPU.ActiveCfg = Debug|Any CPU
		{88888888-8888-8888-8888-888888888884}.Debug|Any CPU.Build.0 = Debug|Any CPU
		{88888888-8888-8888-8888-888888888884}.Release|Any CPU.ActiveCfg = Release|Any CPU
		{88888888-8888-8888-8888-888888888884}.Release|Any CPU.Build.0 = Release|Any CPU
		{88888888-8888-8888-8888-888888888885}.Debug|Any CPU.ActiveCfg = Debug|Any CPU
		{88888888-8888-8888-8888-888888888885}.Debug|Any CPU.Build.0 = Debug|Any CPU
		{88888888-8888-8888-8888-888888888885}.Release|Any CPU.ActiveCfg = Release|Any CPU
		{88888888-8888-8888-8888-888888888885}.Release|Any CPU.Build.0 = Release|Any CPU
		{99999999-9999-9999-9999-999999999991}.Debug|Any CPU.ActiveCfg = Debug|Any CPU
		{99999999-9999-9999-9999-999999999991}.Debug|Any CPU.Build.0 = Debug|Any CPU
		{99999999-9999-9999-9999-999999999991}.Release|Any CPU.ActiveCfg = Release|Any CPU
		{99999999-9999-9999-9999-999999999991}.Release|Any CPU.Build.0 = Release|Any CPU
		{99999999-9999-9999-9999-999999999992}.Debug|Any CPU.ActiveCfg = Debug|Any CPU
		{99999999-9999-9999-9999-999999999992}.Debug|Any CPU.Build.0 = Debug|Any CPU
		{99999999-9999-9999-9999-999999999992}.Release|Any CPU.ActiveCfg = Release|Any CPU
		{99999999-9999-9999-9999-999999999992}.Release|Any CPU.Build.0 = Release|Any CPU
		{99999999-9999-9999-9999-999999999993}.Debug|Any CPU.ActiveCfg = Debug|Any CPU
		{99999999-9999-9999-9999-999999999993}.Debug|Any CPU.Build.0 = Debug|Any CPU
		{99999999-9999-9999-9999-999999999993}.Release|Any CPU.ActiveCfg = Release|Any CPU
		{99999999-9999-9999-9999-999999999993}.Release|Any CPU.Build.0 = Release|Any CPU
		{99999999-9999-9999-9999-999999999994}.Debug|Any CPU.ActiveCfg = Debug|Any CPU
		{99999999-9999-9999-9999-999999999994}.Debug|Any CPU.Build.0 = Debug|Any CPU
		{99999999-9999-9999-9999-999999999994}.Release|Any CPU.ActiveCfg = Release|Any CPU
		{99999999-9999-9999-9999-999999999994}.Release|Any CPU.Build.0 = Release|Any CPU
		{99999999-9999-9999-9999-999999999995}.Debug|Any CPU.ActiveCfg = Debug|Any CPU
		{99999999-9999-9999-9999-999999999995}.Debug|Any CPU.Build.0 = Debug|Any CPU
		{99999999-9999-9999-9999-999999999995}.Release|Any CPU.ActiveCfg = Release|Any CPU
		{99999999-9999-9999-9999-999999999995}.Release|Any CPU.Build.0 = Release|Any CPU
		{BBBBBBBB-BBBB-BBBB-BBBB-BBBBBBBBBBB1}.Debug|Any CPU.ActiveCfg = Debug|Any CPU
		{BBBBBBBB-BBBB-BBBB-BBBB-BBBBBBBBBBB1}.Debug|Any CPU.Build.0 = Debug|Any CPU
		{BBBBBBBB-BBBB-BBBB-BBBB-BBBBBBBBBBB1}.Release|Any CPU.ActiveCfg = Release|Any CPU
		{BBBBBBBB-BBBB-BBBB-BBBB-BBBBBBBBBBB1}.Release|Any CPU.Build.0 = Release|Any CPU
		{BBBBBBBB-BBBB-BBBB-BBBB-BBBBBBBBBBB2}.Debug|Any CPU.ActiveCfg = Debug|Any CPU
		{BBBBBBBB-BBBB-BBBB-BBBB-BBBBBBBBBBB2}.Debug|Any CPU.Build.0 = Debug|Any CPU
		{BBBBBBBB-BBBB-BBBB-BBBB-BBBBBBBBBBB2}.Release|Any CPU.ActiveCfg = Release|Any CPU
		{BBBBBBBB-BBBB-BBBB-BBBB-BBBBBBBBBBB2}.Release|Any CPU.Build.0 = Release|Any CPU
		{BBBBBBBB-BBBB-BBBB-BBBB-BBBBBBBBBBB3}.Debug|Any CPU.ActiveCfg = Debug|Any CPU
		{BBBBBBBB-BBBB-BBBB-BBBB-BBBBBBBBBBB3}.Debug|Any CPU.Build.0 = Debug|Any CPU
		{BBBBBBBB-BBBB-BBBB-BBBB-BBBBBBBBBBB3}.Release|Any CPU.ActiveCfg = Release|Any CPU
		{BBBBBBBB-BBBB-BBBB-BBBB-BBBBBBBBBBB3}.Release|Any CPU.Build.0 = Release|Any CPU
		{BBBBBBBB-BBBB-BBBB-BBBB-BBBBBBBBBBB4}.Debug|Any CPU.ActiveCfg = Debug|Any CPU
		{BBBBBBBB-BBBB-BBBB-BBBB-BBBBBBBBBBB4}.Debug|Any CPU.Build.0 = Debug|Any CPU
		{BBBBBBBB-BBBB-BBBB-BBBB-BBBBBBBBBBB4}.Release|Any CPU.ActiveCfg = Release|Any CPU
		{BBBBBBBB-BBBB-BBBB-BBBB-BBBBBBBBBBB4}.Release|Any CPU.Build.0 = Release|Any CPU
		{BBBBBBBB-BBBB-BBBB-BBBB-BBBBBBBBBBB5}.Debug|Any CPU.ActiveCfg = Debug|Any CPU
		{BBBBBBBB-BBBB-BBBB-BBBB-BBBBBBBBBBB5}.Debug|Any CPU.Build.0 = Debug|Any CPU
		{BBBBBBBB-BBBB-BBBB-BBBB-BBBBBBBBBBB5}.Release|Any CPU.ActiveCfg = Release|Any CPU
		{BBBBBBBB-BBBB-BBBB-BBBB-BBBBBBBBBBB5}.Release|Any CPU.Build.0 = Release|Any CPU
		{AAAAAAAA-AAAA-AAAA-AAAA-AAAAAAAAAAA1}.Debug|Any CPU.ActiveCfg = Debug|Any CPU
		{AAAAAAAA-AAAA-AAAA-AAAA-AAAAAAAAAAA1}.Debug|Any CPU.Build.0 = Debug|Any CPU
		{AAAAAAAA-AAAA-AAAA-AAAA-AAAAAAAAAAA1}.Release|Any CPU.ActiveCfg = Release|Any CPU
		{AAAAAAAA-AAAA-AAAA-AAAA-AAAAAAAAAAA1}.Release|Any CPU.Build.0 = Release|Any CPU
		{AAAAAAAA-AAAA-AAAA-AAAA-AAAAAAAAAAA2}.Debug|Any CPU.ActiveCfg = Debug|Any CPU
		{AAAAAAAA-AAAA-AAAA-AAAA-AAAAAAAAAAA2}.Debug|Any CPU.Build.0 = Debug|Any CPU
		{AAAAAAAA-AAAA-AAAA-AAAA-AAAAAAAAAAA2}.Release|Any CPU.ActiveCfg = Release|Any CPU
		{AAAAAAAA-AAAA-AAAA-AAAA-AAAAAAAAAAA2}.Release|Any CPU.Build.0 = Release|Any CPU
		{AAAAAAAA-AAAA-AAAA-AAAA-AAAAAAAAAAA3}.Debug|Any CPU.ActiveCfg = Debug|Any CPU
		{AAAAAAAA-AAAA-AAAA-AAAA-AAAAAAAAAAA3}.Debug|Any CPU.Build.0 = Debug|Any CPU
		{AAAAAAAA-AAAA-AAAA-AAAA-AAAAAAAAAAA3}.Release|Any CPU.ActiveCfg = Release|Any CPU
		{AAAAAAAA-AAAA-AAAA-AAAA-AAAAAAAAAAA3}.Release|Any CPU.Build.0 = Release|Any CPU
		{AAAAAAAA-AAAA-AAAA-AAAA-AAAAAAAAAAA4}.Debug|Any CPU.ActiveCfg = Debug|Any CPU
		{AAAAAAAA-AAAA-AAAA-AAAA-AAAAAAAAAAA4}.Debug|Any CPU.Build.0 = Debug|Any CPU
		{AAAAAAAA-AAAA-AAAA-AAAA-AAAAAAAAAAA4}.Release|Any CPU.ActiveCfg = Release|Any CPU
		{AAAAAAAA-AAAA-AAAA-AAAA-AAAAAAAAAAA4}.Release|Any CPU.Build.0 = Release|Any CPU
		{AAAAAAAA-AAAA-AAAA-AAAA-AAAAAAAAAAA5}.Debug|Any CPU.ActiveCfg = Debug|Any CPU
		{AAAAAAAA-AAAA-AAAA-AAAA-AAAAAAAAAAA5}.Debug|Any CPU.Build.0 = Debug|Any CPU
		{AAAAAAAA-AAAA-AAAA-AAAA-AAAAAAAAAAA5}.Release|Any CPU.ActiveCfg = Release|Any CPU
		{AAAAAAAA-AAAA-AAAA-AAAA-AAAAAAAAAAA5}.Release|Any CPU.Build.0 = Release|Any CPU
		{CCCCCCCC-CCCC-CCCC-CCCC-CCCCCCCCCCC1}.Debug|Any CPU.ActiveCfg = Debug|Any CPU
		{CCCCCCCC-CCCC-CCCC-CCCC-CCCCCCCCCCC1}.Debug|Any CPU.Build.0 = Debug|Any CPU
		{CCCCCCCC-CCCC-CCCC-CCCC-CCCCCCCCCCC1}.Release|Any CPU.ActiveCfg = Release|Any CPU
		{CCCCCCCC-CCCC-CCCC-CCCC-CCCCCCCCCCC1}.Release|Any CPU.Build.0 = Release|Any CPU
		{CCCCCCCC-CCCC-CCCC-CCCC-CCCCCCCCCCC2}.Debug|Any CPU.ActiveCfg = Debug|Any CPU
		{CCCCCCCC-CCCC-CCCC-CCCC-CCCCCCCCCCC2}.Debug|Any CPU.Build.0 = Debug|Any CPU
		{CCCCCCCC-CCCC-CCCC-CCCC-CCCCCCCCCCC2}.Release|Any CPU.ActiveCfg = Release|Any CPU
		{CCCCCCCC-CCCC-CCCC-CCCC-CCCCCCCCCCC2}.Release|Any CPU.Build.0 = Release|Any CPU
		{CCCCCCCC-CCCC-CCCC-CCCC-CCCCCCCCCCC3}.Debug|Any CPU.ActiveCfg = Debug|Any CPU
		{CCCCCCCC-CCCC-CCCC-CCCC-CCCCCCCCCCC3}.Debug|Any CPU.Build.0 = Debug|Any CPU
		{CCCCCCCC-CCCC-CCCC-CCCC-CCCCCCCCCCC3}.Release|Any CPU.ActiveCfg = Release|Any CPU
		{CCCCCCCC-CCCC-CCCC-CCCC-CCCCCCCCCCC3}.Release|Any CPU.Build.0 = Release|Any CPU
		{CCCCCCCC-CCCC-CCCC-CCCC-CCCCCCCCCCC4}.Debug|Any CPU.ActiveCfg = Debug|Any CPU
		{CCCCCCCC-CCCC-CCCC-CCCC-CCCCCCCCCCC4}.Debug|Any CPU.Build.0 = Debug|Any CPU
		{CCCCCCCC-CCCC-CCCC-CCCC-CCCCCCCCCCC4}.Release|Any CPU.ActiveCfg = Release|Any CPU
		{CCCCCCCC-CCCC-CCCC-CCCC-CCCCCCCCCCC4}.Release|Any CPU.Build.0 = Release|Any CPU
		{CCCCCCCC-CCCC-CCCC-CCCC-CCCCCCCCCCC5}.Debug|Any CPU.ActiveCfg = Debug|Any CPU
		{CCCCCCCC-CCCC-CCCC-CCCC-CCCCCCCCCCC5}.Debug|Any CPU.Build.0 = Debug|Any CPU
		{CCCCCCCC-CCCC-CCCC-CCCC-CCCCCCCCCCC5}.Release|Any CPU.ActiveCfg = Release|Any CPU
		{CCCCCCCC-CCCC-CCCC-CCCC-CCCCCCCCCCC5}.Release|Any CPU.Build.0 = Release|Any CPU
		{DDDDDDDD-DDDD-DDDD-DDDD-DDDDDDDDDDD1}.Debug|Any CPU.ActiveCfg = Debug|Any CPU
		{DDDDDDDD-DDDD-DDDD-DDDD-DDDDDDDDDDD1}.Debug|Any CPU.Build.0 = Debug|Any CPU
		{DDDDDDDD-DDDD-DDDD-DDDD-DDDDDDDDDDD1}.Release|Any CPU.ActiveCfg = Release|Any CPU
		{DDDDDDDD-DDDD-DDDD-DDDD-DDDDDDDDDDD1}.Release|Any CPU.Build.0 = Release|Any CPU
		{DDDDDDDD-DDDD-DDDD-DDDD-DDDDDDDDDDD2}.Debug|Any CPU.ActiveCfg = Debug|Any CPU
		{DDDDDDDD-DDDD-DDDD-DDDD-DDDDDDDDDDD2}.Debug|Any CPU.Build.0 = Debug|Any CPU
		{DDDDDDDD-DDDD-DDDD-DDDD-DDDDDDDDDDD2}.Release|Any CPU.ActiveCfg = Release|Any CPU
		{DDDDDDDD-DDDD-DDDD-DDDD-DDDDDDDDDDD2}.Release|Any CPU.Build.0 = Release|Any CPU
		{DDDDDDDD-DDDD-DDDD-DDDD-DDDDDDDDDDD3}.Debug|Any CPU.ActiveCfg = Debug|Any CPU
		{DDDDDDDD-DDDD-DDDD-DDDD-DDDDDDDDDDD3}.Debug|Any CPU.Build.0 = Debug|Any CPU
		{DDDDDDDD-DDDD-DDDD-DDDD-DDDDDDDDDDD3}.Release|Any CPU.ActiveCfg = Release|Any CPU
		{DDDDDDDD-DDDD-DDDD-DDDD-DDDDDDDDDDD3}.Release|Any CPU.Build.0 = Release|Any CPU
		{DDDDDDDD-DDDD-DDDD-DDDD-DDDDDDDDDDD4}.Debug|Any CPU.ActiveCfg = Debug|Any CPU
		{DDDDDDDD-DDDD-DDDD-DDDD-DDDDDDDDDDD4}.Debug|Any CPU.Build.0 = Debug|Any CPU
		{DDDDDDDD-DDDD-DDDD-DDDD-DDDDDDDDDDD4}.Release|Any CPU.ActiveCfg = Release|Any CPU
		{DDDDDDDD-DDDD-DDDD-DDDD-DDDDDDDDDDD4}.Release|Any CPU.Build.0 = Release|Any CPU
		{DDDDDDDD-DDDD-DDDD-DDDD-DDDDDDDDDDD5}.Debug|Any CPU.ActiveCfg = Debug|Any CPU
		{DDDDDDDD-DDDD-DDDD-DDDD-DDDDDDDDDDD5}.Debug|Any CPU.Build.0 = Debug|Any CPU
		{DDDDDDDD-DDDD-DDDD-DDDD-DDDDDDDDDDD5}.Release|Any CPU.ActiveCfg = Release|Any CPU
		{DDDDDDDD-DDDD-DDDD-DDDD-DDDDDDDDDDD5}.Release|Any CPU.Build.0 = Release|Any CPU
	EndGlobalSection
	GlobalSection(NestedProjects) = preSolution
		{F1A2B3C4-D5E6-7890-F123-456789012345} = {B1C2D3E4-F5A6-7890-BCDE-F12345678901}
		{01234567-89AB-CDEF-0123-456789ABCDEF} = {B1C2D3E4-F5A6-7890-BCDE-F12345678901}
		{B1C2D3E4-F5A6-7890-BCDE-F12345678901} = {A1B2C3D4-E5F6-7890-ABCD-EF1234567890}
		{C1D2E3F4-A5B6-7890-CDEF-123456789012} = {A1B2C3D4-E5F6-7890-ABCD-EF1234567890}
		{D1E2F3A4-B5C6-7890-DEF1-234567890123} = {C1D2E3F4-A5B6-7890-CDEF-123456789012}
		{E1F2A3B4-C5D6-7890-EF12-345678901234} = {C1D2E3F4-A5B6-7890-CDEF-123456789012}
		{11111111-1111-1111-1111-111111111111} = {D1E2F3A4-B5C6-7890-DEF1-234567890123}
		{22222222-2222-2222-2222-222222222222} = {D1E2F3A4-B5C6-7890-DEF1-234567890123}
		{33333333-3333-3333-3333-333333333333} = {D1E2F3A4-B5C6-7890-DEF1-234567890123}
		{44444444-4444-4444-4444-444444444444} = {D1E2F3A4-B5C6-7890-DEF1-234567890123}
		{55555555-5555-5555-5555-555555555555} = {E1F2A3B4-C5D6-7890-EF12-345678901234}
		{M0DULES00-0000-0000-0000-000000000001} = {A1B2C3D4-E5F6-7890-ABCD-EF1234567890}
		{M0DULES01-0000-0000-0000-000000000001} = {M0DULES00-0000-0000-0000-000000000001}
		{66666666-6666-6666-6666-666666666661} = {M0DULES01-0000-0000-0000-000000000001}
		{66666666-6666-6666-6666-666666666662} = {M0DULES01-0000-0000-0000-000000000001}
		{66666666-6666-6666-6666-666666666663} = {M0DULES01-0000-0000-0000-000000000001}
		{66666666-6666-6666-6666-666666666664} = {M0DULES01-0000-0000-0000-000000000001}
		{66666666-6666-6666-6666-666666666665} = {M0DULES01-0000-0000-0000-000000000001}
		{M0DULES02-0000-0000-0000-000000000001} = {M0DULES00-0000-0000-0000-000000000001}
		{77777777-7777-7777-7777-777777777771} = {M0DULES02-0000-0000-0000-000000000001}
		{77777777-7777-7777-7777-777777777772} = {M0DULES02-0000-0000-0000-000000000001}
		{77777777-7777-7777-7777-777777777773} = {M0DULES02-0000-0000-0000-000000000001}
		{77777777-7777-7777-7777-777777777774} = {M0DULES02-0000-0000-0000-000000000001}
		{77777777-7777-7777-7777-777777777775} = {M0DULES02-0000-0000-0000-000000000001}
		{M0DULES03-0000-0000-0000-000000000001} = {M0DULES00-0000-0000-0000-000000000001}
		{88888888-8888-8888-8888-888888888881} = {M0DULES03-0000-0000-0000-000000000001}
		{88888888-8888-8888-8888-888888888882} = {M0DULES03-0000-0000-0000-000000000001}
		{88888888-8888-8888-8888-888888888883} = {M0DULES03-0000-0000-0000-000000000001}
		{88888888-8888-8888-8888-888888888884} = {M0DULES03-0000-0000-0000-000000000001}
		{88888888-8888-8888-8888-888888888885} = {M0DULES03-0000-0000-0000-000000000001}
		{M0DULES04-0000-0000-0000-000000000001} = {M0DULES00-0000-0000-0000-000000000001}
		{99999999-9999-9999-9999-999999999991} = {M0DULES04-0000-0000-0000-000000000001}
		{99999999-9999-9999-9999-999999999992} = {M0DULES04-0000-0000-0000-000000000001}
		{99999999-9999-9999-9999-999999999993} = {M0DULES04-0000-0000-0000-000000000001}
		{99999999-9999-9999-9999-999999999994} = {M0DULES04-0000-0000-0000-000000000001}
		{99999999-9999-9999-9999-999999999995} = {M0DULES04-0000-0000-0000-000000000001}
		{M0DULES08-0000-0000-0000-000000000001} = {M0DULES00-0000-0000-0000-000000000001}
		{BBBBBBBB-BBBB-BBBB-BBBB-BBBBBBBBBBB1} = {M0DULES08-0000-0000-0000-000000000001}
		{BBBBBBBB-BBBB-BBBB-BBBB-BBBBBBBBBBB2} = {M0DULES08-0000-0000-0000-000000000001}
		{BBBBBBBB-BBBB-BBBB-BBBB-BBBBBBBBBBB3} = {M0DULES08-0000-0000-0000-000000000001}
		{BBBBBBBB-BBBB-BBBB-BBBB-BBBBBBBBBBB4} = {M0DULES08-0000-0000-0000-000000000001}
		{BBBBBBBB-BBBB-BBBB-BBBB-BBBBBBBBBBB5} = {M0DULES08-0000-0000-0000-000000000001}
		{M0DULES07-0000-0000-0000-000000000001} = {M0DULES00-0000-0000-0000-000000000001}
		{AAAAAAAA-AAAA-AAAA-AAAA-AAAAAAAAAAA1} = {M0DULES07-0000-0000-0000-000000000001}
		{AAAAAAAA-AAAA-AAAA-AAAA-AAAAAAAAAAA2} = {M0DULES07-0000-0000-0000-000000000001}
		{AAAAAAAA-AAAA-AAAA-AAAA-AAAAAAAAAAA3} = {M0DULES07-0000-0000-0000-000000000001}
		{AAAAAAAA-AAAA-AAAA-AAAA-AAAAAAAAAAA4} = {M0DULES07-0000-0000-0000-000000000001}
		{AAAAAAAA-AAAA-AAAA-AAAA-AAAAAAAAAAA5} = {M0DULES07-0000-0000-0000-000000000001}
		{M0DULES05-0000-0000-0000-000000000001} = {M0DULES00-0000-0000-0000-000000000001}
		{CCCCCCCC-CCCC-CCCC-CCCC-CCCCCCCCCCC1} = {M0DULES05-0000-0000-0000-000000000001}
		{CCCCCCCC-CCCC-CCCC-CCCC-CCCCCCCCCCC2} = {M0DULES05-0000-0000-0000-000000000001}
		{CCCCCCCC-CCCC-CCCC-CCCC-CCCCCCCCCCC3} = {M0DULES05-0000-0000-0000-000000000001}
		{CCCCCCCC-CCCC-CCCC-CCCC-CCCCCCCCCCC4} = {M0DULES05-0000-0000-0000-000000000001}
		{CCCCCCCC-CCCC-CCCC-CCCC-CCCCCCCCCCC5} = {M0DULES05-0000-0000-0000-000000000001}
		{M0DULES06-0000-0000-0000-000000000001} = {M0DULES00-0000-0000-0000-000000000001}
		{DDDDDDDD-DDDD-DDDD-DDDD-DDDDDDDDDDD1} = {M0DULES06-0000-0000-0000-000000000001}
		{DDDDDDDD-DDDD-DDDD-DDDD-DDDDDDDDDDD2} = {M0DULES06-0000-0000-0000-000000000001}
		{DDDDDDDD-DDDD-DDDD-DDDD-DDDDDDDDDDD3} = {M0DULES06-0000-0000-0000-000000000001}
		{DDDDDDDD-DDDD-DDDD-DDDD-DDDDDDDDDDD4} = {M0DULES06-0000-0000-0000-000000000001}
		{DDDDDDDD-DDDD-DDDD-DDDD-DDDDDDDDDDD5} = {M0DULES06-0000-0000-0000-000000000001}
	EndGlobalSection
EndGlobal
